
Microsoft Visual Studio Solution File, Format Version 12.00
# Visual Studio 14
VisualStudioVersion = 14.0.25420.1
MinimumVisualStudioVersion = 10.0.40219.1
Project("{8BC9CEB8-8B4A-11D0-8D11-00A0C91BC942}") = "ext_cef_client", "ConsoleApplication1\ConsoleApplication1.vcxproj", "{80DEDAAE-9824-43DE-B809-9A0104EF167A}"
EndProject
Global
	GlobalSection(SolutionConfigurationPlatforms) = preSolution
		Release|Win32 = Release|Win32
	EndGlobalSection
	GlobalSection(ProjectConfigurationPlatforms) = postSolution
		{80DEDAAE-9824-43DE-B809-9A0104EF167A}.Release|Win32.ActiveCfg = Release|Win32
		{80DEDAAE-9824-43DE-B809-9A0104EF167A}.Release|Win32.Build.0 = Release|Win32
	EndGlobalSection
	GlobalSection(SolutionProperties) = preSolution
		HideSolutionNode = FALSE
	EndGlobalSection
EndGlobal
